
Microsoft Visual Studio Solution File, Format Version 12.00
# Visual Studio Version 17
VisualStudioVersion = 17.3.32901.215
MinimumVisualStudioVersion = 10.0.40219.1
Project("{FAE04EC0-301F-11D3-BF4B-00C04F79EFBC}") = "Corely", "Corely\Corely.csproj", "{2CE991B3-CC1A-434B-A557-64C1AFC54CDF}"
EndProject
Project("{FAE04EC0-301F-11D3-BF4B-00C04F79EFBC}") = "Corely.TestConsole", "Corely.TestConsole\Corely.TestConsole.csproj", "{24557240-996A-4EFC-B649-3531A99F8D59}"
EndProject
Project("{FAE04EC0-301F-11D3-BF4B-00C04F79EFBC}") = "Corely.FlexiCapture", "Corely.FlexiCapture\Corely.FlexiCapture.csproj", "{6847E0D5-B026-4C04-ACC9-0705868076C6}"
EndProject
Project("{FAE04EC0-301F-11D3-BF4B-00C04F79EFBC}") = "Corely.TestWPF", "Corely.TestWPF\Corely.TestWPF.csproj", "{E6EF869C-9997-4FE9-A8BE-E0A64DD64D58}"
EndProject
Project("{FAE04EC0-301F-11D3-BF4B-00C04F79EFBC}") = "Corely.Sage300HH2", "Corely.Sage300HH2\Corely.Sage300HH2.csproj", "{66CA5601-791E-4B90-B146-43D5B03A8493}"
EndProject
Project("{FAE04EC0-301F-11D3-BF4B-00C04F79EFBC}") = "Corely.Imaging", "Corely.Imaging\Corely.Imaging.csproj", "{5EED6861-3C30-4490-BF34-AC52C49EED16}"
EndProject
Project("{FAE04EC0-301F-11D3-BF4B-00C04F79EFBC}") = "Corely.FTP", "Corely.FTP\Corely.FTP.csproj", "{4521F34D-69CC-4E60-BAF7-1D7E6451A3E9}"
EndProject
Project("{FAE04EC0-301F-11D3-BF4B-00C04F79EFBC}") = "Corely.FC2DW", "Corely.FC2DW\Corely.FC2DW.csproj", "{21709175-4F88-4115-9F6C-9D09476B035D}"
EndProject
Project("{FAE04EC0-301F-11D3-BF4B-00C04F79EFBC}") = "LibPostalNet", "LibPostalNet\LibPostalNet.csproj", "{7154A21B-B8A8-4A1F-A1DB-078C1F1B600E}"
EndProject
Project("{FAE04EC0-301F-11D3-BF4B-00C04F79EFBC}") = "Corely.LibPostalService", "Corely.LibPostalService\Corely.LibPostalService.csproj", "{42557ACD-692F-44AD-96A6-565C2EAF7883}"
EndProject
Project("{FAE04EC0-301F-11D3-BF4B-00C04F79EFBC}") = "Corely.LibPostalClient", "Corely.LibPostalClient\Corely.LibPostalClient.csproj", "{16B4053A-2C86-4400-AE97-FE44CEC638FD}"
EndProject
Project("{FAE04EC0-301F-11D3-BF4B-00C04F79EFBC}") = "Corely.Kingstone", "Corely.Kingstone\Corely.Kingstone.csproj", "{494E5DD1-8768-4FF8-BD86-E974E93B21C4}"
EndProject
Project("{FAE04EC0-301F-11D3-BF4B-00C04F79EFBC}") = "Corely.DocuWareService", "Corely.DocuWareService\Corely.DocuWareService.csproj", "{991D3002-C2C6-4498-95AA-060A79A4BE66}"
EndProject
Project("{FAE04EC0-301F-11D3-BF4B-00C04F79EFBC}") = "Corely.DocuWare", "Corely.DocuWare\Corely.DocuWare.csproj", "{2E952FCC-FD7F-4174-9057-13E016E7C176}"
EndProject
Global
	GlobalSection(SolutionConfigurationPlatforms) = preSolution
		Debug|Any CPU = Debug|Any CPU
		Debug|x64 = Debug|x64
		Debug|x86 = Debug|x86
		Release|Any CPU = Release|Any CPU
		Release|x64 = Release|x64
		Release|x86 = Release|x86
	EndGlobalSection
	GlobalSection(ProjectConfigurationPlatforms) = postSolution
		{2CE991B3-CC1A-434B-A557-64C1AFC54CDF}.Debug|Any CPU.ActiveCfg = Debug|Any CPU
		{2CE991B3-CC1A-434B-A557-64C1AFC54CDF}.Debug|Any CPU.Build.0 = Debug|Any CPU
		{2CE991B3-CC1A-434B-A557-64C1AFC54CDF}.Debug|x64.ActiveCfg = Debug|x64
		{2CE991B3-CC1A-434B-A557-64C1AFC54CDF}.Debug|x64.Build.0 = Debug|x64
		{2CE991B3-CC1A-434B-A557-64C1AFC54CDF}.Debug|x86.ActiveCfg = Debug|Any CPU
		{2CE991B3-CC1A-434B-A557-64C1AFC54CDF}.Debug|x86.Build.0 = Debug|Any CPU
		{2CE991B3-CC1A-434B-A557-64C1AFC54CDF}.Release|Any CPU.ActiveCfg = Release|Any CPU
		{2CE991B3-CC1A-434B-A557-64C1AFC54CDF}.Release|Any CPU.Build.0 = Release|Any CPU
		{2CE991B3-CC1A-434B-A557-64C1AFC54CDF}.Release|x64.ActiveCfg = Release|x64
		{2CE991B3-CC1A-434B-A557-64C1AFC54CDF}.Release|x64.Build.0 = Release|x64
		{2CE991B3-CC1A-434B-A557-64C1AFC54CDF}.Release|x86.ActiveCfg = Release|Any CPU
		{2CE991B3-CC1A-434B-A557-64C1AFC54CDF}.Release|x86.Build.0 = Release|Any CPU
		{24557240-996A-4EFC-B649-3531A99F8D59}.Debug|Any CPU.ActiveCfg = Debug|Any CPU
		{24557240-996A-4EFC-B649-3531A99F8D59}.Debug|Any CPU.Build.0 = Debug|Any CPU
		{24557240-996A-4EFC-B649-3531A99F8D59}.Debug|x64.ActiveCfg = Debug|Any CPU
		{24557240-996A-4EFC-B649-3531A99F8D59}.Debug|x64.Build.0 = Debug|Any CPU
		{24557240-996A-4EFC-B649-3531A99F8D59}.Debug|x86.ActiveCfg = Debug|Any CPU
		{24557240-996A-4EFC-B649-3531A99F8D59}.Debug|x86.Build.0 = Debug|Any CPU
		{24557240-996A-4EFC-B649-3531A99F8D59}.Release|Any CPU.ActiveCfg = Release|Any CPU
		{24557240-996A-4EFC-B649-3531A99F8D59}.Release|Any CPU.Build.0 = Release|Any CPU
		{24557240-996A-4EFC-B649-3531A99F8D59}.Release|x64.ActiveCfg = Release|Any CPU
		{24557240-996A-4EFC-B649-3531A99F8D59}.Release|x64.Build.0 = Release|Any CPU
		{24557240-996A-4EFC-B649-3531A99F8D59}.Release|x86.ActiveCfg = Release|Any CPU
		{24557240-996A-4EFC-B649-3531A99F8D59}.Release|x86.Build.0 = Release|Any CPU
		{6847E0D5-B026-4C04-ACC9-0705868076C6}.Debug|Any CPU.ActiveCfg = Debug|Any CPU
		{6847E0D5-B026-4C04-ACC9-0705868076C6}.Debug|Any CPU.Build.0 = Debug|Any CPU
		{6847E0D5-B026-4C04-ACC9-0705868076C6}.Debug|x64.ActiveCfg = Debug|Any CPU
		{6847E0D5-B026-4C04-ACC9-0705868076C6}.Debug|x64.Build.0 = Debug|Any CPU
		{6847E0D5-B026-4C04-ACC9-0705868076C6}.Debug|x86.ActiveCfg = Debug|Any CPU
		{6847E0D5-B026-4C04-ACC9-0705868076C6}.Debug|x86.Build.0 = Debug|Any CPU
		{6847E0D5-B026-4C04-ACC9-0705868076C6}.Release|Any CPU.ActiveCfg = Release|Any CPU
		{6847E0D5-B026-4C04-ACC9-0705868076C6}.Release|Any CPU.Build.0 = Release|Any CPU
		{6847E0D5-B026-4C04-ACC9-0705868076C6}.Release|x64.ActiveCfg = Release|Any CPU
		{6847E0D5-B026-4C04-ACC9-0705868076C6}.Release|x64.Build.0 = Release|Any CPU
		{6847E0D5-B026-4C04-ACC9-0705868076C6}.Release|x86.ActiveCfg = Release|Any CPU
		{6847E0D5-B026-4C04-ACC9-0705868076C6}.Release|x86.Build.0 = Release|Any CPU
		{E6EF869C-9997-4FE9-A8BE-E0A64DD64D58}.Debug|Any CPU.ActiveCfg = Debug|Any CPU
		{E6EF869C-9997-4FE9-A8BE-E0A64DD64D58}.Debug|Any CPU.Build.0 = Debug|Any CPU
		{E6EF869C-9997-4FE9-A8BE-E0A64DD64D58}.Debug|x64.ActiveCfg = Debug|Any CPU
		{E6EF869C-9997-4FE9-A8BE-E0A64DD64D58}.Debug|x64.Build.0 = Debug|Any CPU
		{E6EF869C-9997-4FE9-A8BE-E0A64DD64D58}.Debug|x86.ActiveCfg = Debug|Any CPU
		{E6EF869C-9997-4FE9-A8BE-E0A64DD64D58}.Debug|x86.Build.0 = Debug|Any CPU
		{E6EF869C-9997-4FE9-A8BE-E0A64DD64D58}.Release|Any CPU.ActiveCfg = Release|Any CPU
		{E6EF869C-9997-4FE9-A8BE-E0A64DD64D58}.Release|Any CPU.Build.0 = Release|Any CPU
		{E6EF869C-9997-4FE9-A8BE-E0A64DD64D58}.Release|x64.ActiveCfg = Release|Any CPU
		{E6EF869C-9997-4FE9-A8BE-E0A64DD64D58}.Release|x64.Build.0 = Release|Any CPU
		{E6EF869C-9997-4FE9-A8BE-E0A64DD64D58}.Release|x86.ActiveCfg = Release|Any CPU
		{E6EF869C-9997-4FE9-A8BE-E0A64DD64D58}.Release|x86.Build.0 = Release|Any CPU
		{66CA5601-791E-4B90-B146-43D5B03A8493}.Debug|Any CPU.ActiveCfg = Debug|Any CPU
		{66CA5601-791E-4B90-B146-43D5B03A8493}.Debug|Any CPU.Build.0 = Debug|Any CPU
		{66CA5601-791E-4B90-B146-43D5B03A8493}.Debug|x64.ActiveCfg = Debug|Any CPU
		{66CA5601-791E-4B90-B146-43D5B03A8493}.Debug|x64.Build.0 = Debug|Any CPU
		{66CA5601-791E-4B90-B146-43D5B03A8493}.Debug|x86.ActiveCfg = Debug|Any CPU
		{66CA5601-791E-4B90-B146-43D5B03A8493}.Debug|x86.Build.0 = Debug|Any CPU
		{66CA5601-791E-4B90-B146-43D5B03A8493}.Release|Any CPU.ActiveCfg = Release|Any CPU
		{66CA5601-791E-4B90-B146-43D5B03A8493}.Release|Any CPU.Build.0 = Release|Any CPU
		{66CA5601-791E-4B90-B146-43D5B03A8493}.Release|x64.ActiveCfg = Release|Any CPU
		{66CA5601-791E-4B90-B146-43D5B03A8493}.Release|x64.Build.0 = Release|Any CPU
		{66CA5601-791E-4B90-B146-43D5B03A8493}.Release|x86.ActiveCfg = Release|Any CPU
		{66CA5601-791E-4B90-B146-43D5B03A8493}.Release|x86.Build.0 = Release|Any CPU
		{5EED6861-3C30-4490-BF34-AC52C49EED16}.Debug|Any CPU.ActiveCfg = Debug|Any CPU
		{5EED6861-3C30-4490-BF34-AC52C49EED16}.Debug|Any CPU.Build.0 = Debug|Any CPU
		{5EED6861-3C30-4490-BF34-AC52C49EED16}.Debug|x64.ActiveCfg = Debug|Any CPU
		{5EED6861-3C30-4490-BF34-AC52C49EED16}.Debug|x64.Build.0 = Debug|Any CPU
		{5EED6861-3C30-4490-BF34-AC52C49EED16}.Debug|x86.ActiveCfg = Debug|Any CPU
		{5EED6861-3C30-4490-BF34-AC52C49EED16}.Debug|x86.Build.0 = Debug|Any CPU
		{5EED6861-3C30-4490-BF34-AC52C49EED16}.Release|Any CPU.ActiveCfg = Release|Any CPU
		{5EED6861-3C30-4490-BF34-AC52C49EED16}.Release|Any CPU.Build.0 = Release|Any CPU
		{5EED6861-3C30-4490-BF34-AC52C49EED16}.Release|x64.ActiveCfg = Release|Any CPU
		{5EED6861-3C30-4490-BF34-AC52C49EED16}.Release|x64.Build.0 = Release|Any CPU
		{5EED6861-3C30-4490-BF34-AC52C49EED16}.Release|x86.ActiveCfg = Release|Any CPU
		{5EED6861-3C30-4490-BF34-AC52C49EED16}.Release|x86.Build.0 = Release|Any CPU
		{4521F34D-69CC-4E60-BAF7-1D7E6451A3E9}.Debug|Any CPU.ActiveCfg = Debug|Any CPU
		{4521F34D-69CC-4E60-BAF7-1D7E6451A3E9}.Debug|Any CPU.Build.0 = Debug|Any CPU
		{4521F34D-69CC-4E60-BAF7-1D7E6451A3E9}.Debug|x64.ActiveCfg = Debug|Any CPU
		{4521F34D-69CC-4E60-BAF7-1D7E6451A3E9}.Debug|x64.Build.0 = Debug|Any CPU
		{4521F34D-69CC-4E60-BAF7-1D7E6451A3E9}.Debug|x86.ActiveCfg = Debug|Any CPU
		{4521F34D-69CC-4E60-BAF7-1D7E6451A3E9}.Debug|x86.Build.0 = Debug|Any CPU
		{4521F34D-69CC-4E60-BAF7-1D7E6451A3E9}.Release|Any CPU.ActiveCfg = Release|Any CPU
		{4521F34D-69CC-4E60-BAF7-1D7E6451A3E9}.Release|Any CPU.Build.0 = Release|Any CPU
		{4521F34D-69CC-4E60-BAF7-1D7E6451A3E9}.Release|x64.ActiveCfg = Release|Any CPU
		{4521F34D-69CC-4E60-BAF7-1D7E6451A3E9}.Release|x64.Build.0 = Release|Any CPU
		{4521F34D-69CC-4E60-BAF7-1D7E6451A3E9}.Release|x86.ActiveCfg = Release|Any CPU
		{4521F34D-69CC-4E60-BAF7-1D7E6451A3E9}.Release|x86.Build.0 = Release|Any CPU
		{21709175-4F88-4115-9F6C-9D09476B035D}.Debug|Any CPU.ActiveCfg = Debug|Any CPU
		{21709175-4F88-4115-9F6C-9D09476B035D}.Debug|Any CPU.Build.0 = Debug|Any CPU
		{21709175-4F88-4115-9F6C-9D09476B035D}.Debug|x64.ActiveCfg = Debug|Any CPU
		{21709175-4F88-4115-9F6C-9D09476B035D}.Debug|x64.Build.0 = Debug|Any CPU
		{21709175-4F88-4115-9F6C-9D09476B035D}.Debug|x86.ActiveCfg = Debug|Any CPU
		{21709175-4F88-4115-9F6C-9D09476B035D}.Debug|x86.Build.0 = Debug|Any CPU
		{21709175-4F88-4115-9F6C-9D09476B035D}.Release|Any CPU.ActiveCfg = Release|Any CPU
		{21709175-4F88-4115-9F6C-9D09476B035D}.Release|Any CPU.Build.0 = Release|Any CPU
		{21709175-4F88-4115-9F6C-9D09476B035D}.Release|x64.ActiveCfg = Release|Any CPU
		{21709175-4F88-4115-9F6C-9D09476B035D}.Release|x64.Build.0 = Release|Any CPU
		{21709175-4F88-4115-9F6C-9D09476B035D}.Release|x86.ActiveCfg = Release|Any CPU
		{21709175-4F88-4115-9F6C-9D09476B035D}.Release|x86.Build.0 = Release|Any CPU
		{7154A21B-B8A8-4A1F-A1DB-078C1F1B600E}.Debug|Any CPU.ActiveCfg = Debug|Any CPU
		{7154A21B-B8A8-4A1F-A1DB-078C1F1B600E}.Debug|Any CPU.Build.0 = Debug|Any CPU
		{7154A21B-B8A8-4A1F-A1DB-078C1F1B600E}.Debug|x64.ActiveCfg = Debug|x64
		{7154A21B-B8A8-4A1F-A1DB-078C1F1B600E}.Debug|x64.Build.0 = Debug|x64
		{7154A21B-B8A8-4A1F-A1DB-078C1F1B600E}.Debug|x86.ActiveCfg = Debug|x86
		{7154A21B-B8A8-4A1F-A1DB-078C1F1B600E}.Debug|x86.Build.0 = Debug|x86
		{7154A21B-B8A8-4A1F-A1DB-078C1F1B600E}.Release|Any CPU.ActiveCfg = Release|Any CPU
		{7154A21B-B8A8-4A1F-A1DB-078C1F1B600E}.Release|Any CPU.Build.0 = Release|Any CPU
		{7154A21B-B8A8-4A1F-A1DB-078C1F1B600E}.Release|x64.ActiveCfg = Release|x64
		{7154A21B-B8A8-4A1F-A1DB-078C1F1B600E}.Release|x64.Build.0 = Release|x64
		{7154A21B-B8A8-4A1F-A1DB-078C1F1B600E}.Release|x86.ActiveCfg = Release|x86
		{7154A21B-B8A8-4A1F-A1DB-078C1F1B600E}.Release|x86.Build.0 = Release|x86
		{42557ACD-692F-44AD-96A6-565C2EAF7883}.Debug|Any CPU.ActiveCfg = Debug|Any CPU
		{42557ACD-692F-44AD-96A6-565C2EAF7883}.Debug|Any CPU.Build.0 = Debug|Any CPU
		{42557ACD-692F-44AD-96A6-565C2EAF7883}.Debug|x64.ActiveCfg = Debug|x64
		{42557ACD-692F-44AD-96A6-565C2EAF7883}.Debug|x64.Build.0 = Debug|x64
		{42557ACD-692F-44AD-96A6-565C2EAF7883}.Debug|x86.ActiveCfg = Debug|Any CPU
		{42557ACD-692F-44AD-96A6-565C2EAF7883}.Debug|x86.Build.0 = Debug|Any CPU
		{42557ACD-692F-44AD-96A6-565C2EAF7883}.Release|Any CPU.ActiveCfg = Release|Any CPU
		{42557ACD-692F-44AD-96A6-565C2EAF7883}.Release|Any CPU.Build.0 = Release|Any CPU
		{42557ACD-692F-44AD-96A6-565C2EAF7883}.Release|x64.ActiveCfg = Release|x64
		{42557ACD-692F-44AD-96A6-565C2EAF7883}.Release|x64.Build.0 = Release|x64
		{42557ACD-692F-44AD-96A6-565C2EAF7883}.Release|x86.ActiveCfg = Release|Any CPU
		{42557ACD-692F-44AD-96A6-565C2EAF7883}.Release|x86.Build.0 = Release|Any CPU
		{16B4053A-2C86-4400-AE97-FE44CEC638FD}.Debug|Any CPU.ActiveCfg = Debug|Any CPU
		{16B4053A-2C86-4400-AE97-FE44CEC638FD}.Debug|Any CPU.Build.0 = Debug|Any CPU
		{16B4053A-2C86-4400-AE97-FE44CEC638FD}.Debug|x64.ActiveCfg = Debug|Any CPU
		{16B4053A-2C86-4400-AE97-FE44CEC638FD}.Debug|x64.Build.0 = Debug|Any CPU
		{16B4053A-2C86-4400-AE97-FE44CEC638FD}.Debug|x86.ActiveCfg = Debug|Any CPU
		{16B4053A-2C86-4400-AE97-FE44CEC638FD}.Debug|x86.Build.0 = Debug|Any CPU
		{16B4053A-2C86-4400-AE97-FE44CEC638FD}.Release|Any CPU.ActiveCfg = Release|Any CPU
		{16B4053A-2C86-4400-AE97-FE44CEC638FD}.Release|Any CPU.Build.0 = Release|Any CPU
		{16B4053A-2C86-4400-AE97-FE44CEC638FD}.Release|x64.ActiveCfg = Release|Any CPU
		{16B4053A-2C86-4400-AE97-FE44CEC638FD}.Release|x64.Build.0 = Release|Any CPU
		{16B4053A-2C86-4400-AE97-FE44CEC638FD}.Release|x86.ActiveCfg = Release|Any CPU
		{16B4053A-2C86-4400-AE97-FE44CEC638FD}.Release|x86.Build.0 = Release|Any CPU
		{494E5DD1-8768-4FF8-BD86-E974E93B21C4}.Debug|Any CPU.ActiveCfg = Debug|Any CPU
		{494E5DD1-8768-4FF8-BD86-E974E93B21C4}.Debug|Any CPU.Build.0 = Debug|Any CPU
		{494E5DD1-8768-4FF8-BD86-E974E93B21C4}.Debug|x64.ActiveCfg = Debug|Any CPU
		{494E5DD1-8768-4FF8-BD86-E974E93B21C4}.Debug|x64.Build.0 = Debug|Any CPU
		{494E5DD1-8768-4FF8-BD86-E974E93B21C4}.Debug|x86.ActiveCfg = Debug|Any CPU
		{494E5DD1-8768-4FF8-BD86-E974E93B21C4}.Debug|x86.Build.0 = Debug|Any CPU
		{494E5DD1-8768-4FF8-BD86-E974E93B21C4}.Release|Any CPU.ActiveCfg = Release|Any CPU
		{494E5DD1-8768-4FF8-BD86-E974E93B21C4}.Release|Any CPU.Build.0 = Release|Any CPU
		{494E5DD1-8768-4FF8-BD86-E974E93B21C4}.Release|x64.ActiveCfg = Release|Any CPU
		{494E5DD1-8768-4FF8-BD86-E974E93B21C4}.Release|x64.Build.0 = Release|Any CPU
		{494E5DD1-8768-4FF8-BD86-E974E93B21C4}.Release|x86.ActiveCfg = Release|Any CPU
		{494E5DD1-8768-4FF8-BD86-E974E93B21C4}.Release|x86.Build.0 = Release|Any CPU
		{991D3002-C2C6-4498-95AA-060A79A4BE66}.Debug|Any CPU.ActiveCfg = Debug|Any CPU
		{991D3002-C2C6-4498-95AA-060A79A4BE66}.Debug|Any CPU.Build.0 = Debug|Any CPU
		{991D3002-C2C6-4498-95AA-060A79A4BE66}.Debug|x64.ActiveCfg = Debug|Any CPU
		{991D3002-C2C6-4498-95AA-060A79A4BE66}.Debug|x64.Build.0 = Debug|Any CPU
		{991D3002-C2C6-4498-95AA-060A79A4BE66}.Debug|x86.ActiveCfg = Debug|Any CPU
		{991D3002-C2C6-4498-95AA-060A79A4BE66}.Debug|x86.Build.0 = Debug|Any CPU
		{991D3002-C2C6-4498-95AA-060A79A4BE66}.Release|Any CPU.ActiveCfg = Release|Any CPU
		{991D3002-C2C6-4498-95AA-060A79A4BE66}.Release|Any CPU.Build.0 = Release|Any CPU
		{991D3002-C2C6-4498-95AA-060A79A4BE66}.Release|x64.ActiveCfg = Release|Any CPU
		{991D3002-C2C6-4498-95AA-060A79A4BE66}.Release|x64.Build.0 = Release|Any CPU
		{991D3002-C2C6-4498-95AA-060A79A4BE66}.Release|x86.ActiveCfg = Release|Any CPU
		{991D3002-C2C6-4498-95AA-060A79A4BE66}.Release|x86.Build.0 = Release|Any CPU
		{2E952FCC-FD7F-4174-9057-13E016E7C176}.Debug|Any CPU.ActiveCfg = Debug|Any CPU
		{2E952FCC-FD7F-4174-9057-13E016E7C176}.Debug|Any CPU.Build.0 = Debug|Any CPU
		{2E952FCC-FD7F-4174-9057-13E016E7C176}.Debug|x64.ActiveCfg = Debug|Any CPU
		{2E952FCC-FD7F-4174-9057-13E016E7C176}.Debug|x64.Build.0 = Debug|Any CPU
		{2E952FCC-FD7F-4174-9057-13E016E7C176}.Debug|x86.ActiveCfg = Debug|Any CPU
		{2E952FCC-FD7F-4174-9057-13E016E7C176}.Debug|x86.Build.0 = Debug|Any CPU
		{2E952FCC-FD7F-4174-9057-13E016E7C176}.Release|Any CPU.ActiveCfg = Release|Any CPU
		{2E952FCC-FD7F-4174-9057-13E016E7C176}.Release|Any CPU.Build.0 = Release|Any CPU
		{2E952FCC-FD7F-4174-9057-13E016E7C176}.Release|x64.ActiveCfg = Release|Any CPU
		{2E952FCC-FD7F-4174-9057-13E016E7C176}.Release|x64.Build.0 = Release|Any CPU
		{2E952FCC-FD7F-4174-9057-13E016E7C176}.Release|x86.ActiveCfg = Release|Any CPU
		{2E952FCC-FD7F-4174-9057-13E016E7C176}.Release|x86.Build.0 = Release|Any CPU
	EndGlobalSection
	GlobalSection(SolutionProperties) = preSolution
		HideSolutionNode = FALSE
	EndGlobalSection
	GlobalSection(ExtensibilityGlobals) = postSolution
		SolutionGuid = {775B0DBD-A144-49E2-A89B-D87E5703BD67}
	EndGlobalSection
EndGlobal
